
Microsoft Visual Studio Solution File, Format Version 11.00
# Visual Studio 2010
# SharpDevelop 5.2
Project("{FAE04EC0-301F-11D3-BF4B-00C04F79EFBC}") = "Day4", "Day4.csproj", "{B3221D6A-B9ED-4EF5-ACAF-A5D7F6E0AA72}"
EndProject
Global
	GlobalSection(SolutionConfigurationPlatforms) = preSolution
		Debug|Any CPU = Debug|Any CPU
		Release|Any CPU = Release|Any CPU
	EndGlobalSection
	GlobalSection(ProjectConfigurationPlatforms) = postSolution
		{B3221D6A-B9ED-4EF5-ACAF-A5D7F6E0AA72}.Debug|Any CPU.ActiveCfg = Debug|Any CPU
		{B3221D6A-B9ED-4EF5-ACAF-A5D7F6E0AA72}.Debug|Any CPU.Build.0 = Debug|Any CPU
		{B3221D6A-B9ED-4EF5-ACAF-A5D7F6E0AA72}.Release|Any CPU.ActiveCfg = Release|Any CPU
		{B3221D6A-B9ED-4EF5-ACAF-A5D7F6E0AA72}.Release|Any CPU.Build.0 = Release|Any CPU
	EndGlobalSection
EndGlobal
