
Microsoft Visual Studio Solution File, Format Version 11.00
# Visual Studio 2010
# SharpDevelop 5.2
Project("{FAE04EC0-301F-11D3-BF4B-00C04F79EFBC}") = "Day10", "Day10.csproj", "{39ABDE66-4E12-4499-AC06-B4F37225B2B5}"
EndProject
Global
	GlobalSection(SolutionConfigurationPlatforms) = preSolution
		Debug|Any CPU = Debug|Any CPU
		Release|Any CPU = Release|Any CPU
	EndGlobalSection
	GlobalSection(ProjectConfigurationPlatforms) = postSolution
		{39ABDE66-4E12-4499-AC06-B4F37225B2B5}.Debug|Any CPU.ActiveCfg = Debug|Any CPU
		{39ABDE66-4E12-4499-AC06-B4F37225B2B5}.Debug|Any CPU.Build.0 = Debug|Any CPU
		{39ABDE66-4E12-4499-AC06-B4F37225B2B5}.Release|Any CPU.ActiveCfg = Release|Any CPU
		{39ABDE66-4E12-4499-AC06-B4F37225B2B5}.Release|Any CPU.Build.0 = Release|Any CPU
	EndGlobalSection
EndGlobal
